
Microsoft Visual Studio Solution File, Format Version 12.00
# Visual Studio Version 17
VisualStudioVersion = 17.6.33712.159
MinimumVisualStudioVersion = 10.0.40219.1
Project("{8BC9CEB8-8B4A-11D0-8D11-00A0C91BC942}") = "BonusTask_Function", "BonusTask_Function\BonusTask_Function.vcxproj", "{71A191D2-9232-41A0-BEA5-690C107DF797}"
EndProject
Global
	GlobalSection(SolutionConfigurationPlatforms) = preSolution
		Debug|x64 = Debug|x64
		Debug|x86 = Debug|x86
		Release|x64 = Release|x64
		Release|x86 = Release|x86
	EndGlobalSection
	GlobalSection(ProjectConfigurationPlatforms) = postSolution
		{71A191D2-9232-41A0-BEA5-690C107DF797}.Debug|x64.ActiveCfg = Debug|x64
		{71A191D2-9232-41A0-BEA5-690C107DF797}.Debug|x64.Build.0 = Debug|x64
		{71A191D2-9232-41A0-BEA5-690C107DF797}.Debug|x86.ActiveCfg = Debug|Win32
		{71A191D2-9232-41A0-BEA5-690C107DF797}.Debug|x86.Build.0 = Debug|Win32
		{71A191D2-9232-41A0-BEA5-690C107DF797}.Release|x64.ActiveCfg = Release|x64
		{71A191D2-9232-41A0-BEA5-690C107DF797}.Release|x64.Build.0 = Release|x64
		{71A191D2-9232-41A0-BEA5-690C107DF797}.Release|x86.ActiveCfg = Release|Win32
		{71A191D2-9232-41A0-BEA5-690C107DF797}.Release|x86.Build.0 = Release|Win32
	EndGlobalSection
	GlobalSection(SolutionProperties) = preSolution
		HideSolutionNode = FALSE
	EndGlobalSection
	GlobalSection(ExtensibilityGlobals) = postSolution
		SolutionGuid = {0662DF1F-1A99-43EA-94D8-EEC3E5D104D8}
	EndGlobalSection
EndGlobal
